Microsoft Visual Studio Solution File, Format Version 12.00
# Visual Studio 15
VisualStudioVersion = 15.0.28307.106
MinimumVisualStudioVersion = 10.0.40219.1
Project("{8BC9CEB8-8B4A-11D0-8D11-00A0C91BC942}") = "ANTTWEAKBAR_116_OGLCORE_GLFW", "external\AntTweakBar-1.16\ANTTWEAKBAR_116_OGLCORE_GLFW.vcxproj", "{9525AFD9-B21E-4F96-83A3-2B69C008E9CE}"
	ProjectSection(ProjectDependencies) = postProject
		{A73E482A-BF1E-4071-B55C-5C208580B108} = {A73E482A-BF1E-4071-B55C-5C208580B108}
	EndProjectSection
EndProject
Project("{8BC9CEB8-8B4A-11D0-8D11-00A0C91BC942}") = "BulletCollision", "external\bullet-2.81-rev2613\src\BulletCollision\BulletCollision.vcxproj", "{9C10AC29-1A7F-4092-8C2D-9C8CC783F06E}"
EndProject
Project("{8BC9CEB8-8B4A-11D0-8D11-00A0C91BC942}") = "BulletDynamics", "external\bullet-2.81-rev2613\src\BulletDynamics\BulletDynamics.vcxproj", "{CCF80198-C5CE-4527-B37D-4723FB56D548}"
EndProject
Project("{8BC9CEB8-8B4A-11D0-8D11-00A0C91BC942}") = "BulletSoftBody", "external\bullet-2.81-rev2613\src\BulletSoftBody\BulletSoftBody.vcxproj", "{E846D221-FD0F-418F-86B3-0E1E28EF1C55}"
EndProject
Project("{8BC9CEB8-8B4A-11D0-8D11-00A0C91BC942}") = "GLEW_190", "external\glew-1.9.0\GLEW_190.vcxproj", "{98780A94-3336-4907-B406-B12E519BAACD}"
EndProject
Project("{8BC9CEB8-8B4A-11D0-8D11-00A0C91BC942}") = "GLFW_303", "external\glfw-3.0.3\GLFW_303.vcxproj", "{3544296B-C96A-4C69-89E1-9DD639E0348D}"
EndProject
Project("{8BC9CEB8-8B4A-11D0-8D11-00A0C91BC942}") = "LinearMath", "external\bullet-2.81-rev2613\src\LinearMath\LinearMath.vcxproj", "{85C0A899-26BA-4329-85CA-24C1DF99BD39}"
EndProject
Project("{8BC9CEB8-8B4A-11D0-8D11-00A0C91BC942}") = "assimp", "external\assimp-3.0.1270\assimp.vcxproj", "{A73E482A-BF1E-4071-B55C-5C208580B108}"
	ProjectSection(ProjectDependencies) = postProject
		{D1A81B8F-2CBC-4ACD-993B-A983DF7D3D34} = {D1A81B8F-2CBC-4ACD-993B-A983DF7D3D34}
	EndProjectSection
EndProject
Project("{8BC9CEB8-8B4A-11D0-8D11-00A0C91BC942}") = "tutorial06_keyboard_and_mouse", "tutorial06_keyboard_and_mouse\tutorial06_keyboard_and_mouse.vcxproj", "{73566837-9D5C-4164-B866-9490A58D99BC}"
	ProjectSection(ProjectDependencies) = postProject
		{9C10AC29-1A7F-4092-8C2D-9C8CC783F06E} = {9C10AC29-1A7F-4092-8C2D-9C8CC783F06E}
		{A73E482A-BF1E-4071-B55C-5C208580B108} = {A73E482A-BF1E-4071-B55C-5C208580B108}
		{3544296B-C96A-4C69-89E1-9DD639E0348D} = {3544296B-C96A-4C69-89E1-9DD639E0348D}
		{D1A81B8F-2CBC-4ACD-993B-A983DF7D3D34} = {D1A81B8F-2CBC-4ACD-993B-A983DF7D3D34}
		{98780A94-3336-4907-B406-B12E519BAACD} = {98780A94-3336-4907-B406-B12E519BAACD}
		{CCF80198-C5CE-4527-B37D-4723FB56D548} = {CCF80198-C5CE-4527-B37D-4723FB56D548}
		{85C0A899-26BA-4329-85CA-24C1DF99BD39} = {85C0A899-26BA-4329-85CA-24C1DF99BD39}
		{9525AFD9-B21E-4F96-83A3-2B69C008E9CE} = {9525AFD9-B21E-4F96-83A3-2B69C008E9CE}
	EndProjectSection
EndProject
Project("{8BC9CEB8-8B4A-11D0-8D11-00A0C91BC942}") = "zlib", "external\assimp-3.0.1270\contrib\zlib.vcxproj", "{D1A81B8F-2CBC-4ACD-993B-A983DF7D3D34}"
EndProject
Project("{2150E333-8FDC-42A3-9474-1A3956D46DE8}") = "External", "External", "{6A818C38-4489-4A39-A2A8-CF4E52BF30A9}"
EndProject
Project("{2150E333-8FDC-42A3-9474-1A3956D46DE8}") = "Misc", "Misc", "{82454842-1FD8-476D-B167-C1668B05371C}"
EndProject
Global
	GlobalSection(SolutionConfigurationPlatforms) = preSolution
		Debug|Win32 = Debug|Win32
		MinSizeRel|Win32 = MinSizeRel|Win32
		Release|Win32 = Release|Win32
		RelWithDebInfo|Win32 = RelWithDebInfo|Win32
	EndGlobalSection
	GlobalSection(ProjectConfigurationPlatforms) = postSolution
		{9525AFD9-B21E-4F96-83A3-2B69C008E9CE}.Debug|Win32.ActiveCfg = Debug|Win32
		{9525AFD9-B21E-4F96-83A3-2B69C008E9CE}.Debug|Win32.Build.0 = Debug|Win32
		{9525AFD9-B21E-4F96-83A3-2B69C008E9CE}.MinSizeRel|Win32.ActiveCfg = Release|Win32
		{9525AFD9-B21E-4F96-83A3-2B69C008E9CE}.MinSizeRel|Win32.Build.0 = Release|Win32
		{9525AFD9-B21E-4F96-83A3-2B69C008E9CE}.Release|Win32.ActiveCfg = Release|Win32
		{9525AFD9-B21E-4F96-83A3-2B69C008E9CE}.Release|Win32.Build.0 = Release|Win32
		{9525AFD9-B21E-4F96-83A3-2B69C008E9CE}.RelWithDebInfo|Win32.ActiveCfg = Release|Win32
		{9525AFD9-B21E-4F96-83A3-2B69C008E9CE}.RelWithDebInfo|Win32.Build.0 = Release|Win32
		{9C10AC29-1A7F-4092-8C2D-9C8CC783F06E}.Debug|Win32.ActiveCfg = Debug|Win32
		{9C10AC29-1A7F-4092-8C2D-9C8CC783F06E}.Debug|Win32.Build.0 = Debug|Win32
		{9C10AC29-1A7F-4092-8C2D-9C8CC783F06E}.MinSizeRel|Win32.ActiveCfg = Release|Win32
		{9C10AC29-1A7F-4092-8C2D-9C8CC783F06E}.MinSizeRel|Win32.Build.0 = Release|Win32
		{9C10AC29-1A7F-4092-8C2D-9C8CC783F06E}.Release|Win32.ActiveCfg = Release|Win32
		{9C10AC29-1A7F-4092-8C2D-9C8CC783F06E}.Release|Win32.Build.0 = Release|Win32
		{9C10AC29-1A7F-4092-8C2D-9C8CC783F06E}.RelWithDebInfo|Win32.ActiveCfg = Release|Win32
		{9C10AC29-1A7F-4092-8C2D-9C8CC783F06E}.RelWithDebInfo|Win32.Build.0 = Release|Win32
		{CCF80198-C5CE-4527-B37D-4723FB56D548}.Debug|Win32.ActiveCfg = Debug|Win32
		{CCF80198-C5CE-4527-B37D-4723FB56D548}.Debug|Win32.Build.0 = Debug|Win32
		{CCF80198-C5CE-4527-B37D-4723FB56D548}.MinSizeRel|Win32.ActiveCfg = Release|Win32
		{CCF80198-C5CE-4527-B37D-4723FB56D548}.MinSizeRel|Win32.Build.0 = Release|Win32
		{CCF80198-C5CE-4527-B37D-4723FB56D548}.Release|Win32.ActiveCfg = Release|Win32
		{CCF80198-C5CE-4527-B37D-4723FB56D548}.Release|Win32.Build.0 = Release|Win32
		{CCF80198-C5CE-4527-B37D-4723FB56D548}.RelWithDebInfo|Win32.ActiveCfg = Release|Win32
		{CCF80198-C5CE-4527-B37D-4723FB56D548}.RelWithDebInfo|Win32.Build.0 = Release|Win32
		{E846D221-FD0F-418F-86B3-0E1E28EF1C55}.Debug|Win32.ActiveCfg = Debug|Win32
		{E846D221-FD0F-418F-86B3-0E1E28EF1C55}.Debug|Win32.Build.0 = Debug|Win32
		{E846D221-FD0F-418F-86B3-0E1E28EF1C55}.MinSizeRel|Win32.ActiveCfg = Release|Win32
		{E846D221-FD0F-418F-86B3-0E1E28EF1C55}.MinSizeRel|Win32.Build.0 = Release|Win32
		{E846D221-FD0F-418F-86B3-0E1E28EF1C55}.Release|Win32.ActiveCfg = Release|Win32
		{E846D221-FD0F-418F-86B3-0E1E28EF1C55}.Release|Win32.Build.0 = Release|Win32
		{E846D221-FD0F-418F-86B3-0E1E28EF1C55}.RelWithDebInfo|Win32.ActiveCfg = Release|Win32
		{E846D221-FD0F-418F-86B3-0E1E28EF1C55}.RelWithDebInfo|Win32.Build.0 = Release|Win32
		{98780A94-3336-4907-B406-B12E519BAACD}.Debug|Win32.ActiveCfg = Debug|Win32
		{98780A94-3336-4907-B406-B12E519BAACD}.Debug|Win32.Build.0 = Debug|Win32
		{98780A94-3336-4907-B406-B12E519BAACD}.MinSizeRel|Win32.ActiveCfg = Release|Win32
		{98780A94-3336-4907-B406-B12E519BAACD}.MinSizeRel|Win32.Build.0 = Release|Win32
		{98780A94-3336-4907-B406-B12E519BAACD}.Release|Win32.ActiveCfg = Release|Win32
		{98780A94-3336-4907-B406-B12E519BAACD}.Release|Win32.Build.0 = Release|Win32
		{98780A94-3336-4907-B406-B12E519BAACD}.RelWithDebInfo|Win32.ActiveCfg = Release|Win32
		{98780A94-3336-4907-B406-B12E519BAACD}.RelWithDebInfo|Win32.Build.0 = Release|Win32
		{3544296B-C96A-4C69-89E1-9DD639E0348D}.Debug|Win32.ActiveCfg = Debug|Win32
		{3544296B-C96A-4C69-89E1-9DD639E0348D}.Debug|Win32.Build.0 = Debug|Win32
		{3544296B-C96A-4C69-89E1-9DD639E0348D}.MinSizeRel|Win32.ActiveCfg = Release|Win32
		{3544296B-C96A-4C69-89E1-9DD639E0348D}.MinSizeRel|Win32.Build.0 = Release|Win32
		{3544296B-C96A-4C69-89E1-9DD639E0348D}.Release|Win32.ActiveCfg = Release|Win32
		{3544296B-C96A-4C69-89E1-9DD639E0348D}.Release|Win32.Build.0 = Release|Win32
		{3544296B-C96A-4C69-89E1-9DD639E0348D}.RelWithDebInfo|Win32.ActiveCfg = Release|Win32
		{3544296B-C96A-4C69-89E1-9DD639E0348D}.RelWithDebInfo|Win32.Build.0 = Release|Win32
		{85C0A899-26BA-4329-85CA-24C1DF99BD39}.Debug|Win32.ActiveCfg = Debug|Win32
		{85C0A899-26BA-4329-85CA-24C1DF99BD39}.Debug|Win32.Build.0 = Debug|Win32
		{85C0A899-26BA-4329-85CA-24C1DF99BD39}.MinSizeRel|Win32.ActiveCfg = MinSizeRel|Win32
		{85C0A899-26BA-4329-85CA-24C1DF99BD39}.MinSizeRel|Win32.Build.0 = MinSizeRel|Win32
		{85C0A899-26BA-4329-85CA-24C1DF99BD39}.Release|Win32.ActiveCfg = Release|Win32
		{85C0A899-26BA-4329-85CA-24C1DF99BD39}.Release|Win32.Build.0 = Release|Win32
		{85C0A899-26BA-4329-85CA-24C1DF99BD39}.RelWithDebInfo|Win32.ActiveCfg = RelWithDebInfo|Win32
		{85C0A899-26BA-4329-85CA-24C1DF99BD39}.RelWithDebInfo|Win32.Build.0 = RelWithDebInfo|Win32
		{A73E482A-BF1E-4071-B55C-5C208580B108}.Debug|Win32.ActiveCfg = Debug|Win32
		{A73E482A-BF1E-4071-B55C-5C208580B108}.Debug|Win32.Build.0 = Debug|Win32
		{A73E482A-BF1E-4071-B55C-5C208580B108}.MinSizeRel|Win32.ActiveCfg = Release|Win32
		{A73E482A-BF1E-4071-B55C-5C208580B108}.MinSizeRel|Win32.Build.0 = Release|Win32
		{A73E482A-BF1E-4071-B55C-5C208580B108}.Release|Win32.ActiveCfg = Release|Win32
		{A73E482A-BF1E-4071-B55C-5C208580B108}.Release|Win32.Build.0 = Release|Win32
		{A73E482A-BF1E-4071-B55C-5C208580B108}.RelWithDebInfo|Win32.ActiveCfg = Release|Win32
		{A73E482A-BF1E-4071-B55C-5C208580B108}.RelWithDebInfo|Win32.Build.0 = Release|Win32
		{73566837-9D5C-4164-B866-9490A58D99BC}.Debug|Win32.ActiveCfg = Debug|Win32
		{73566837-9D5C-4164-B866-9490A58D99BC}.Debug|Win32.Build.0 = Debug|Win32
		{73566837-9D5C-4164-B866-9490A58D99BC}.MinSizeRel|Win32.ActiveCfg = Release|Win32
		{73566837-9D5C-4164-B866-9490A58D99BC}.MinSizeRel|Win32.Build.0 = Release|Win32
		{73566837-9D5C-4164-B866-9490A58D99BC}.Release|Win32.ActiveCfg = Release|Win32
		{73566837-9D5C-4164-B866-9490A58D99BC}.Release|Win32.Build.0 = Release|Win32
		{73566837-9D5C-4164-B866-9490A58D99BC}.RelWithDebInfo|Win32.ActiveCfg = Release|Win32
		{73566837-9D5C-4164-B866-9490A58D99BC}.RelWithDebInfo|Win32.Build.0 = Release|Win32
		{D1A81B8F-2CBC-4ACD-993B-A983DF7D3D34}.Debug|Win32.ActiveCfg = Debug|Win32
		{D1A81B8F-2CBC-4ACD-993B-A983DF7D3D34}.Debug|Win32.Build.0 = Debug|Win32
		{D1A81B8F-2CBC-4ACD-993B-A983DF7D3D34}.MinSizeRel|Win32.ActiveCfg = Release|Win32
		{D1A81B8F-2CBC-4ACD-993B-A983DF7D3D34}.MinSizeRel|Win32.Build.0 = Release|Win32
		{D1A81B8F-2CBC-4ACD-993B-A983DF7D3D34}.Release|Win32.ActiveCfg = Release|Win32
		{D1A81B8F-2CBC-4ACD-993B-A983DF7D3D34}.Release|Win32.Build.0 = Release|Win32
		{D1A81B8F-2CBC-4ACD-993B-A983DF7D3D34}.RelWithDebInfo|Win32.ActiveCfg = Release|Win32
		{D1A81B8F-2CBC-4ACD-993B-A983DF7D3D34}.RelWithDebInfo|Win32.Build.0 = Release|Win32
	EndGlobalSection
	GlobalSection(SolutionProperties) = preSolution
		HideSolutionNode = FALSE
	EndGlobalSection
	GlobalSection(NestedProjects) = preSolution
		{9525AFD9-B21E-4F96-83A3-2B69C008E9CE} = {6A818C38-4489-4A39-A2A8-CF4E52BF30A9}
		{9C10AC29-1A7F-4092-8C2D-9C8CC783F06E} = {6A818C38-4489-4A39-A2A8-CF4E52BF30A9}
		{CCF80198-C5CE-4527-B37D-4723FB56D548} = {6A818C38-4489-4A39-A2A8-CF4E52BF30A9}
		{E846D221-FD0F-418F-86B3-0E1E28EF1C55} = {6A818C38-4489-4A39-A2A8-CF4E52BF30A9}
		{98780A94-3336-4907-B406-B12E519BAACD} = {6A818C38-4489-4A39-A2A8-CF4E52BF30A9}
		{3544296B-C96A-4C69-89E1-9DD639E0348D} = {6A818C38-4489-4A39-A2A8-CF4E52BF30A9}
		{85C0A899-26BA-4329-85CA-24C1DF99BD39} = {6A818C38-4489-4A39-A2A8-CF4E52BF30A9}
		{A73E482A-BF1E-4071-B55C-5C208580B108} = {6A818C38-4489-4A39-A2A8-CF4E52BF30A9}
		{D1A81B8F-2CBC-4ACD-993B-A983DF7D3D34} = {6A818C38-4489-4A39-A2A8-CF4E52BF30A9}
	EndGlobalSection
	GlobalSection(ExtensibilityGlobals) = postSolution
		SolutionGuid = {7F988010-EA57-4966-8BF8-14645EF74C48}
	EndGlobalSection
EndGlobal
